<?xml version="1.0" encoding="utf-8"?>
<Project ToolsVersion="4.0" xmlns="http://schemas.microsoft.com/developer/msbuild/2003">
  <ItemGroup>
    <Filter Include="Source Files">
      <UniqueIdentifier>{4FC737F1-C7A5-4376-A066-2A32D752A2FF}</UniqueIdentifier>
      <Extensions>cpp;c;cc;cxx;def;odl;idl;hpj;bat;asm;asmx</Extensions>
    </Filter>
    <Filter Include="Header Files">
      <UniqueIdentifier>{93995380-89BD-4b04-88EB-625FBE52EBFB}</UniqueIdentifier>
      <Extensions>h;hh;hpp;hxx;hm;inl;inc;xsd</Extensions>
    </Filter>
    <Filter Include="Resource Files">
      <UniqueIdentifier>{67DA6AB6-F800-4c08-8B7A-83BB121AAD01}</UniqueIdentifier>
      <Extensions>rc;ico;cur;bmp;dlg;rc2;rct;bin;rgs;gif;jpg;jpeg;jpe;resx;tiff;tif;png;wav;mfcribbon-ms</Extensions>
    </Filter>
    <Filter Include="Header Files\GameComponents">
      <UniqueIdentifier>{feb14871-44c6-409d-a13a-c5cb6500c827}</UniqueIdentifier>
    </Filter>
    <Filter Include="Source Files\GameComponents">
      <UniqueIdentifier>{1ef6ce47-47b8-4d91-8766-14396be9028b}</UniqueIdentifier>
    </Filter>
    <Filter Include="Header Files\Interface">
      <UniqueIdentifier>{6b5830d0-35a7-4e72-baf1-c239ea54803f}</UniqueIdentifier>
    </Filter>
    <Filter Include="Source Files\Interface">
      <UniqueIdentifier>{863f27a9-478a-44a8-875a-cac1ef8205ca}</UniqueIdentifier>
    </Filter>
    <Filter Include="Header Files\Players">
      <UniqueIdentifier>{b48b30c4-be41-4db3-ac37-72126a607266}</UniqueIdentifier>
    </Filter>
    <Filter Include="Source Files\Players">
      <UniqueIdentifier>{641874d5-f85f-4df0-926e-b0a888f1421b}</UniqueIdentifier>
    </Filter>
  </ItemGroup>
  <ItemGroup>
    <ClCompile Include="main.cpp">
      <Filter>Source Files</Filter>
    </ClCompile>
    <ClCompile Include="game.cpp">
      <Filter>Source Files\GameComponents</Filter>
    </ClCompile>
    <ClCompile Include="interface.cpp">
      <Filter>Source Files\Interface</Filter>
    </ClCompile>
    <ClCompile Include="field.cpp">
      <Filter>Source Files\GameComponents</Filter>
    </ClCompile>
    <ClCompile Include="human.cpp">
      <Filter>Source Files\Players</Filter>
    </ClCompile>
    <ClCompile Include="game_components.cpp">
      <Filter>Source Files\GameComponents</Filter>
    </ClCompile>
    <ClCompile Include="player.cpp">
      <Filter>Source Files\Players</Filter>
    </ClCompile>
  </ItemGroup>
  <ItemGroup>
    <ClInclude Include="game.h">
      <Filter>Header Files\GameComponents</Filter>
    </ClInclude>
    <ClInclude Include="interface.h">
      <Filter>Header Files\Interface</Filter>
    </ClInclude>
    <ClInclude Include="game_components.h">
      <Filter>Header Files\GameComponents</Filter>
    </ClInclude>
    <ClInclude Include="player.h">
      <Filter>Header Files\Players</Filter>
    </ClInclude>
    <ClInclude Include="field.h">
      <Filter>Header Files\GameComponents</Filter>
    </ClInclude>
    <ClInclude Include="human.h">
      <Filter>Header Files\Players</Filter>
    </ClInclude>
  </ItemGroup>
</Project>